
Microsoft Visual Studio Solution File, Format Version 12.00
# Visual Studio Version 16
VisualStudioVersion = 16.0.29102.190
MinimumVisualStudioVersion = 10.0.40219.1
Project("{F184B08F-C81C-45F6-A57F-5ABD9991F28F}") = "OOPTasks", "OOPTasks\OOPTasks.vbproj", "{8A86147B-B04B-4DD3-A544-9D524C6017A7}"
EndProject
Global
	GlobalSection(SolutionConfigurationPlatforms) = preSolution
		Debug|Any CPU = Debug|Any CPU
		Release|Any CPU = Release|Any CPU
	EndGlobalSection
	GlobalSection(ProjectConfigurationPlatforms) = postSolution
		{8A86147B-B04B-4DD3-A544-9D524C6017A7}.Debug|Any CPU.ActiveCfg = Debug|Any CPU
		{8A86147B-B04B-4DD3-A544-9D524C6017A7}.Debug|Any CPU.Build.0 = Debug|Any CPU
		{8A86147B-B04B-4DD3-A544-9D524C6017A7}.Release|Any CPU.ActiveCfg = Release|Any CPU
		{8A86147B-B04B-4DD3-A544-9D524C6017A7}.Release|Any CPU.Build.0 = Release|Any CPU
	EndGlobalSection
	GlobalSection(SolutionProperties) = preSolution
		HideSolutionNode = FALSE
	EndGlobalSection
	GlobalSection(ExtensibilityGlobals) = postSolution
		SolutionGuid = {AC7DA401-8048-426D-B484-59A0C8C4A6CB}
	EndGlobalSection
EndGlobal
